// !$*UTF8*$!
{
	archiveVersion = 1;
	classes = {
	};
	objectVersion = 50;
	objects = {

/* Begin PBXBuildFile section */
		BD8DCF812574477B00F3A157 /* AppDelegate.swift in Sources */ = {isa = PBXBuildFile; fileRef = BD8DCF802574477B00F3A157 /* AppDelegate.swift */; };
		BD8DCF832574477B00F3A157 /* SceneDelegate.swift in Sources */ = {isa = PBXBuildFile; fileRef = BD8DCF822574477B00F3A157 /* SceneDelegate.swift */; };
		BD8DCF852574477B00F3A157 /* ViewController.swift in Sources */ = {isa = PBXBuildFile; fileRef = BD8DCF842574477B00F3A157 /* ViewController.swift */; };
		BD8DCF882574477B00F3A157 /* Main.storyboard in Resources */ = {isa = PBXBuildFile; fileRef = BD8DCF862574477B00F3A157 /* Main.storyboard */; };
		BD8DCF8A2574477C00F3A157 /* Assets.xcassets in Resources */ = {isa = PBXBuildFile; fileRef = BD8DCF892574477C00F3A157 /* Assets.xcassets */; };
		BD8DCF8D2574477C00F3A157 /* LaunchScreen.storyboard in Resources */ = {isa = PBXBuildFile; fileRef = BD8DCF8B2574477C00F3A157 /* LaunchScreen.storyboard */; };
		BD8DCF9625744BE500F3A157 /* words_alpha.txt in Resources */ = {isa = PBXBuildFile; fileRef = BD8DCF9525744BE500F3A157 /* words_alpha.txt */; };
		BD8DCF99257451B300F3A157 /* words_1000.txt in Resources */ = {isa = PBXBuildFile; fileRef = BD8DCF98257451B300F3A157 /* words_1000.txt */; };
		BD8DCF9C2574D43500F3A157 /* Words.swift in Sources */ = {isa = PBXBuildFile; fileRef = BD8DCF9B2574D43500F3A157 /* Words.swift */; };
/* End PBXBuildFile section */

/* Begin PBXFileReference section */
		BD8DCF7D2574477B00F3A157 /* WordsPlayground.app */ = {isa = PBXFileReference; explicitFileType = wrapper.application; includeInIndex = 0; path = WordsPlayground.app; sourceTree = BUILT_PRODUCTS_DIR; };
		BD8DCF802574477B00F3A157 /* AppDelegate.swift */ = {isa = PBXFileReference; lastKnownFileType = sourcecode.swift; path = AppDelegate.swift; sourceTree = "<group>"; };
		BD8DCF822574477B00F3A157 /* SceneDelegate.swift */ = {isa = PBXFileReference; lastKnownFileType = sourcecode.swift; path = SceneDelegate.swift; sourceTree = "<group>"; };
		BD8DCF842574477B00F3A157 /* ViewController.swift */ = {isa = PBXFileReference; lastKnownFileType = sourcecode.swift; path = ViewController.swift; sourceTree = "<group>"; };
		BD8DCF872574477B00F3A157 /* Base */ = {isa = PBXFileReference; lastKnownFileType = file.storyboard; name = Base; path = Base.lproj/Main.storyboard; sourceTree = "<group>"; };
		BD8DCF892574477C00F3A157 /* Assets.xcassets */ = {isa = PBXFileReference; lastKnownFileType = folder.assetcatalog; path = Assets.xcassets; sourceTree = "<group>"; };
		BD8DCF8C2574477C00F3A157 /* Base */ = {isa = PBXFileReference; lastKnownFileType = file.storyboard; name = Base; path = Base.lproj/LaunchScreen.storyboard; sourceTree = "<group>"; };
		BD8DCF8E2574477C00F3A157 /* Info.plist */ = {isa = PBXFileReference; lastKnownFileType = text.plist.xml; path = Info.plist; sourceTree = "<group>"; };
		BD8DCF9525744BE500F3A157 /* words_alpha.txt */ = {isa = PBXFileReference; fileEncoding = 4; lastKnownFileType = text; path = words_alpha.txt; sourceTree = "<group>"; };
		BD8DCF98257451B300F3A157 /* words_1000.txt */ = {isa = PBXFileReference; fileEncoding = 4; lastKnownFileType = text; path = words_1000.txt; sourceTree = "<group>"; };
		BD8DCF9B2574D43500F3A157 /* Words.swift */ = {isa = PBXFileReference; lastKnownFileType = sourcecode.swift; path = Words.swift; sourceTree = "<group>"; };
/* End PBXFileReference section */

/* Begin PBXFrameworksBuildPhase section */
		BD8DCF7A2574477B00F3A157 /* Frameworks */ = {
			isa = PBXFrameworksBuildPhase;
			buildActionMask = 2147483647;
			files = (
			);
			runOnlyForDeploymentPostprocessing = 0;
		};
/* End PBXFrameworksBuildPhase section */

/* Begin PBXGroup section */
		BD8DCF742574477B00F3A157 = {
			isa = PBXGroup;
			children = (
				BD8DCF7F2574477B00F3A157 /* WordsPlayground */,
				BD8DCF7E2574477B00F3A157 /* Products */,
			);
			sourceTree = "<group>";
		};
		BD8DCF7E2574477B00F3A157 /* Products */ = {
			isa = PBXGroup;
			children = (
				BD8DCF7D2574477B00F3A157 /* WordsPlayground.app */,
			);
			name = Products;
			sourceTree = "<group>";
		};
		BD8DCF7F2574477B00F3A157 /* WordsPlayground */ = {
			isa = PBXGroup;
			children = (
				BD8DCF98257451B300F3A157 /* words_1000.txt */,
				BD8DCF802574477B00F3A157 /* AppDelegate.swift */,
				BD8DCF822574477B00F3A157 /* SceneDelegate.swift */,
				BD8DCF842574477B00F3A157 /* ViewController.swift */,
				BD8DCF9525744BE500F3A157 /* words_alpha.txt */,
				BD8DCF862574477B00F3A157 /* Main.storyboard */,
				BD8DCF892574477C00F3A157 /* Assets.xcassets */,
				BD8DCF8B2574477C00F3A157 /* LaunchScreen.storyboard */,
				BD8DCF8E2574477C00F3A157 /* Info.plist */,
				BD8DCF9B2574D43500F3A157 /* Words.swift */,
			);
			path = WordsPlayground;
			sourceTree = "<group>";
		};
/* End PBXGroup section */

/* Begin PBXNativeTarget section */
		BD8DCF7C2574477B00F3A157 /* WordsPlayground */ = {
			isa = PBXNativeTarget;
			buildConfigurationList = BD8DCF912574477C00F3A157 /* Build configuration list for PBXNativeTarget "WordsPlayground" */;
			buildPhases = (
				BD8DCF792574477B00F3A157 /* Sources */,
				BD8DCF7A2574477B00F3A157 /* Frameworks */,
				BD8DCF7B2574477B00F3A157 /* Resources */,
			);
			buildRules = (
			);
			dependencies = (
			);
			name = WordsPlayground;
			productName = WordsPlayground;
			productReference = BD8DCF7D2574477B00F3A157 /* WordsPlayground.app */;
			productType = "com.apple.product-type.application";
		};
/* End PBXNativeTarget section */

/* Begin PBXProject section */
		BD8DCF752574477B00F3A157 /* Project object */ = {
			isa = PBXProject;
			attributes = {
				LastSwiftUpdateCheck = 1220;
				LastUpgradeCheck = 1220;
				TargetAttributes = {
					BD8DCF7C2574477B00F3A157 = {
						CreatedOnToolsVersion = 12.2;
					};
				};
			};
			buildConfigurationList = BD8DCF782574477B00F3A157 /* Build configuration list for PBXProject "WordsPlayground" */;
			compatibilityVersion = "Xcode 9.3";
			developmentRegion = en;
			hasScannedForEncodings = 0;
			knownRegions = (
				en,
				Base,
			);
			mainGroup = BD8DCF742574477B00F3A157;
			productRefGroup = BD8DCF7E2574477B00F3A157 /* Products */;
			projectDirPath = "";
			projectRoot = "";
			targets = (
				BD8DCF7C2574477B00F3A157 /* WordsPlayground */,
			);
		};
/* End PBXProject section */

/* Begin PBXResourcesBuildPhase section */
		BD8DCF7B2574477B00F3A157 /* Resources */ = {
			isa = PBXResourcesBuildPhase;
			buildActionMask = 2147483647;
			files = (
				BD8DCF8D2574477C00F3A157 /* LaunchScreen.storyboard in Resources */,
				BD8DCF99257451B300F3A157 /* words_1000.txt in Resources */,
				BD8DCF9625744BE500F3A157 /* words_alpha.txt in Resources */,
				BD8DCF8A2574477C00F3A157 /* Assets.xcassets in Resources */,
				BD8DCF882574477B00F3A157 /* Main.storyboard in Resources */,
			);
			runOnlyForDeploymentPostprocessing = 0;
		};
/* End PBXResourcesBuildPhase section */

/* Begin PBXSourcesBuildPhase section */
		BD8DCF792574477B00F3A157 /* Sources */ = {
			isa = PBXSourcesBuildPhase;
			buildActionMask = 2147483647;
			files = (
				BD8DCF852574477B00F3A157 /* ViewController.swift in Sources */,
				BD8DCF9C2574D43500F3A157 /* Words.swift in Sources */,
				BD8DCF812574477B00F3A157 /* AppDelegate.swift in Sources */,
				BD8DCF832574477B00F3A157 /* SceneDelegate.swift in Sources */,
			);
			runOnlyForDeploymentPostprocessing = 0;
		};
/* End PBXSourcesBuildPhase section */

/* Begin PBXVariantGroup section */
		BD8DCF862574477B00F3A157 /* Main.storyboard */ = {
			isa = PBXVariantGroup;
			children = (
				BD8DCF872574477B00F3A157 /* Base */,
			);
			name = Main.storyboard;
			sourceTree = "<group>";
		};
		BD8DCF8B2574477C00F3A157 /* LaunchScreen.storyboard */ = {
			isa = PBXVariantGroup;
			children = (
				BD8DCF8C2574477C00F3A157 /* Base */,
			);
			name = LaunchScreen.storyboard;
			sourceTree = "<group>";
		};
/* End PBXVariantGroup section */

/* Begin XCBuildConfiguration section */
		BD8DCF8F2574477C00F3A157 /* Debug */ = {
			isa = XCBuildConfiguration;
			buildSettings = {
				ALWAYS_SEARCH_USER_PATHS = NO;
				CLANG_ANALYZER_NONNULL = YES;
				CLANG_ANALYZER_NUMBER_OBJECT_CONVERSION = YES_AGGRESSIVE;
				CLANG_CXX_LANGUAGE_STANDARD = "gnu++14";
				CLANG_CXX_LIBRARY = "libc++";
				CLANG_ENABLE_MODULES = YES;
				CLANG_ENABLE_OBJC_ARC = YES;
				CLANG_ENABLE_OBJC_WEAK = YES;
				CLANG_WARN_BLOCK_CAPTURE_AUTORELEASING = YES;
				CLANG_WARN_BOOL_CONVERSION = YES;
				CLANG_WARN_COMMA = YES;
				CLANG_WARN_CONSTANT_CONVERSION = YES;
				CLANG_WARN_DEPRECATED_OBJC_IMPLEMENTATIONS = YES;
				CLANG_WARN_DIRECT_OBJC_ISA_USAGE = YES_ERROR;
				CLANG_WARN_DOCUMENTATION_COMMENTS = YES;
				CLANG_WARN_EMPTY_BODY = YES;
				CLANG_WARN_ENUM_CONVERSION = YES;
				CLANG_WARN_INFINITE_RECURSION = YES;
				CLANG_WARN_INT_CONVERSION = YES;
				CLANG_WARN_NON_LITERAL_NULL_CONVERSION = YES;
				CLANG_WARN_OBJC_IMPLICIT_RETAIN_SELF = YES;
				CLANG_WARN_OBJC_LITERAL_CONVERSION = YES;
				CLANG_WARN_OBJC_ROOT_CLASS = YES_ERROR;
				CLANG_WARN_QUOTED_INCLUDE_IN_FRAMEWORK_HEADER = YES;
				CLANG_WARN_RANGE_LOOP_ANALYSIS = YES;
				CLANG_WARN_STRICT_PROTOTYPES = YES;
				CLANG_WARN_SUSPICIOUS_MOVE = YES;
				CLANG_WARN_UNGUARDED_AVAILABILITY = YES_AGGRESSIVE;
				CLANG_WARN_UNREACHABLE_CODE = YES;
				CLANG_WARN__DUPLICATE_METHOD_MATCH = YES;
				COPY_PHASE_STRIP = NO;
				DEBUG_INFORMATION_FORMAT = dwarf;
				ENABLE_STRICT_OBJC_MSGSEND = YES;
				ENABLE_TESTABILITY = YES;
				GCC_C_LANGUAGE_STANDARD = gnu11;
				GCC_DYNAMIC_NO_PIC = NO;
				GCC_NO_COMMON_BLOCKS = YES;
				GCC_OPTIMIZATION_LEVEL = 0;
				GCC_PREPROCESSOR_DEFINITIONS = (
					"DEBUG=1",
					"$(inherited)",
				);
				GCC_WARN_64_TO_32_BIT_CONVERSION = YES;
				GCC_WARN_ABOUT_RETURN_TYPE = YES_ERROR;
				GCC_WARN_UNDECLARED_SELECTOR = YES;
				GCC_WARN_UNINITIALIZED_AUTOS = YES_AGGRESSIVE;
				GCC_WARN_UNUSED_FUNCTION = YES;
				GCC_WARN_UNUSED_VARIABLE = YES;
				IPHONEOS_DEPLOYMENT_TARGET = 14.2;
				MTL_ENABLE_DEBUG_INFO = INCLUDE_SOURCE;
				MTL_FAST_MATH = YES;
				ONLY_ACTIVE_ARCH = YES;
				SDKROOT = iphoneos;
				SWIFT_ACTIVE_COMPILATION_CONDITIONS = DEBUG;
				SWIFT_OPTIMIZATION_LEVEL = "-Onone";
			};
			name = Debug;
		};
		BD8DCF902574477C00F3A157 /* Release */ = {
			isa = XCBuildConfiguration;
			buildSettings = {
				ALWAYS_SEARCH_USER_PATHS = NO;
				CLANG_ANALYZER_NONNULL = YES;
				CLANG_ANALYZER_NUMBER_OBJECT_CONVERSION = YES_AGGRESSIVE;
				CLANG_CXX_LANGUAGE_STANDARD = "gnu++14";
				CLANG_CXX_LIBRARY = "libc++";
				CLANG_ENABLE_MODULES = YES;
				CLANG_ENABLE_OBJC_ARC = YES;
				CLANG_ENABLE_OBJC_WEAK = YES;
				CLANG_WARN_BLOCK_CAPTURE_AUTORELEASING = YES;
				CLANG_WARN_BOOL_CONVERSION = YES;
				CLANG_WARN_COMMA = YES;
				CLANG_WARN_CONSTANT_CONVERSION = YES;
				CLANG_WARN_DEPRECATED_OBJC_IMPLEMENTATIONS = YES;
				CLANG_WARN_DIRECT_OBJC_ISA_USAGE = YES_ERROR;
				CLANG_WARN_DOCUMENTATION_COMMENTS = YES;
				CLANG_WARN_EMPTY_BODY = YES;
				CLANG_WARN_ENUM_CONVERSION = YES;
				CLANG_WARN_INFINITE_RECURSION = YES;
				CLANG_WARN_INT_CONVERSION = YES;
				CLANG_WARN_NON_LITERAL_NULL_CONVERSION = YES;
				CLANG_WARN_OBJC_IMPLICIT_RETAIN_SELF = YES;
				CLANG_WARN_OBJC_LITERAL_CONVERSION = YES;
				CLANG_WARN_OBJC_ROOT_CLASS = YES_ERROR;
				CLANG_WARN_QUOTED_INCLUDE_IN_FRAMEWORK_HEADER = YES;
				CLANG_WARN_RANGE_LOOP_ANALYSIS = YES;
				CLANG_WARN_STRICT_PROTOTYPES = YES;
				CLANG_WARN_SUSPICIOUS_MOVE = YES;
				CLANG_WARN_UNGUARDED_AVAILABILITY = YES_AGGRESSIVE;
				CLANG_WARN_UNREACHABLE_CODE = YES;
				CLANG_WARN__DUPLICATE_METHOD_MATCH = YES;
				COPY_PHASE_STRIP = NO;
				DEBUG_INFORMATION_FORMAT = "dwarf-with-dsym";
				ENABLE_NS_ASSERTIONS = NO;
				ENABLE_STRICT_OBJC_MSGSEND = YES;
				GCC_C_LANGUAGE_STANDARD = gnu11;
				GCC_NO_COMMON_BLOCKS = YES;
				GCC_WARN_64_TO_32_BIT_CONVERSION = YES;
				GCC_WARN_ABOUT_RETURN_TYPE = YES_ERROR;
				GCC_WARN_UNDECLARED_SELECTOR = YES;
				GCC_WARN_UNINITIALIZED_AUTOS = YES_AGGRESSIVE;
				GCC_WARN_UNUSED_FUNCTION = YES;
				GCC_WARN_UNUSED_VARIABLE = YES;
				IPHONEOS_DEPLOYMENT_TARGET = 14.2;
				MTL_ENABLE_DEBUG_INFO = NO;
				MTL_FAST_MATH = YES;
				SDKROOT = iphoneos;
				SWIFT_COMPILATION_MODE = wholemodule;
				SWIFT_OPTIMIZATION_LEVEL = "-O";
				VALIDATE_PRODUCT = YES;
			};
			name = Release;
		};
		BD8DCF922574477C00F3A157 /* Debug */ = {
			isa = XCBuildConfiguration;
			buildSettings = {
				ASSETCATALOG_COMPILER_APPICON_NAME = AppIcon;
				ASSETCATALOG_COMPILER_GLOBAL_ACCENT_COLOR_NAME = AccentColor;
				CODE_SIGN_STYLE = Automatic;
				DEVELOPMENT_TEAM = 9MBUUY8MJU;
				INFOPLIST_FILE = WordsPlayground/Info.plist;
				LD_RUNPATH_SEARCH_PATHS = (
					"$(inherited)",
					"@executable_path/Frameworks",
				);
				PRODUCT_BUNDLE_IDENTIFIER = com.buzzfactory.WordsPlayground;
				PRODUCT_NAME = "$(TARGET_NAME)";
				SWIFT_VERSION = 5.0;
				TARGETED_DEVICE_FAMILY = "1,2";
			};
			name = Debug;
		};
		BD8DCF932574477C00F3A157 /* Release */ = {
			isa = XCBuildConfiguration;
			buildSettings = {
				ASSETCATALOG_COMPILER_APPICON_NAME = AppIcon;
				ASSETCATALOG_COMPILER_GLOBAL_ACCENT_COLOR_NAME = AccentColor;
				CODE_SIGN_STYLE = Automatic;
				DEVELOPMENT_TEAM = 9MBUUY8MJU;
				INFOPLIST_FILE = WordsPlayground/Info.plist;
				LD_RUNPATH_SEARCH_PATHS = (
					"$(inherited)",
					"@executable_path/Frameworks",
				);
				PRODUCT_BUNDLE_IDENTIFIER = com.buzzfactory.WordsPlayground;
				PRODUCT_NAME = "$(TARGET_NAME)";
				SWIFT_VERSION = 5.0;
				TARGETED_DEVICE_FAMILY = "1,2";
			};
			name = Release;
		};
/* End XCBuildConfiguration section */

/* Begin XCConfigurationList section */
		BD8DCF782574477B00F3A157 /* Build configuration list for PBXProject "WordsPlayground" */ = {
			isa = XCConfigurationList;
			buildConfigurations = (
				BD8DCF8F2574477C00F3A157 /* Debug */,
				BD8DCF902574477C00F3A157 /* Release */,
			);
			defaultConfigurationIsVisible = 0;
			defaultConfigurationName = Release;
		};
		BD8DCF912574477C00F3A157 /* Build configuration list for PBXNativeTarget "WordsPlayground" */ = {
			isa = XCConfigurationList;
			buildConfigurations = (
				BD8DCF922574477C00F3A157 /* Debug */,
				BD8DCF932574477C00F3A157 /* Release */,
			);
			defaultConfigurationIsVisible = 0;
			defaultConfigurationName = Release;
		};
/* End XCConfigurationList section */
	};
	rootObject = BD8DCF752574477B00F3A157 /* Project object */;
}
